// !$*UTF8*$!
{
	archiveVersion = 1;
	classes = {
	};
	objectVersion = 77;
	objects = {

/* Begin PBXBuildFile section */
		79124AE52DE8218400279174 /* SnapKit in Frameworks */ = {isa = PBXBuildFile; productRef = 79124AE42DE8218400279174 /* SnapKit */; };
		7916277A2F392FA600E67E89 /* FirebaseAI in Frameworks */ = {isa = PBXBuildFile; productRef = 791627792F392FA600E67E89 /* FirebaseAI */; };
		7916277C2F392FA600E67E89 /* FirebaseAnalytics in Frameworks */ = {isa = PBXBuildFile; productRef = 7916277B2F392FA600E67E89 /* FirebaseAnalytics */; };
		7916277E2F392FA600E67E89 /* FirebaseAuth in Frameworks */ = {isa = PBXBuildFile; productRef = 7916277D2F392FA600E67E89 /* FirebaseAuth */; };
		791627802F392FA600E67E89 /* FirebaseDatabase in Frameworks */ = {isa = PBXBuildFile; productRef = 7916277F2F392FA600E67E89 /* FirebaseDatabase */; };
		791627822F392FA600E67E89 /* FirebaseFirestore in Frameworks */ = {isa = PBXBuildFile; productRef = 791627812F392FA600E67E89 /* FirebaseFirestore */; };
		791627842F392FA600E67E89 /* FirebaseRemoteConfig in Frameworks */ = {isa = PBXBuildFile; productRef = 791627832F392FA600E67E89 /* FirebaseRemoteConfig */; };
		791627862F392FA600E67E89 /* FirebaseStorage in Frameworks */ = {isa = PBXBuildFile; productRef = 791627852F392FA600E67E89 /* FirebaseStorage */; };
		79BB3FD32DE7D40300804CB4 /* ModuloServiceMovie in Frameworks */ = {isa = PBXBuildFile; productRef = 79BB3FD22DE7D40300804CB4 /* ModuloServiceMovie */; };
		79BB3FD62DE7D41E00804CB4 /* ModuloServiceSeries in Frameworks */ = {isa = PBXBuildFile; productRef = 79BB3FD52DE7D41E00804CB4 /* ModuloServiceSeries */; };
		79BB40772DE818EF00804CB4 /* Kingfisher in Frameworks */ = {isa = PBXBuildFile; productRef = 79BB40762DE818EF00804CB4 /* Kingfisher */; };
/* End PBXBuildFile section */

/* Begin PBXContainerItemProxy section */
		79BB3FB42DE7D30A00804CB4 /* PBXContainerItemProxy */ = {
			isa = PBXContainerItemProxy;
			containerPortal = 79BB3F952DE7D30800804CB4 /* Project object */;
			proxyType = 1;
			remoteGlobalIDString = 79BB3F9C2DE7D30800804CB4;
			remoteInfo = AmorPorFilmesSeries;
		};
		79BB3FBE2DE7D30A00804CB4 /* PBXContainerItemProxy */ = {
			isa = PBXContainerItemProxy;
			containerPortal = 79BB3F952DE7D30800804CB4 /* Project object */;
			proxyType = 1;
			remoteGlobalIDString = 79BB3F9C2DE7D30800804CB4;
			remoteInfo = AmorPorFilmesSeries;
		};
/* End PBXContainerItemProxy section */

/* Begin PBXFileReference section */
		79BB3F9D2DE7D30800804CB4 /* AmorPorFilmesSeries.app */ = {isa = PBXFileReference; explicitFileType = wrapper.application; includeInIndex = 0; path = AmorPorFilmesSeries.app; sourceTree = BUILT_PRODUCTS_DIR; };
		79BB3FB32DE7D30A00804CB4 /* AmorPorFilmesSeriesTests.xctest */ = {isa = PBXFileReference; explicitFileType = wrapper.cfbundle; includeInIndex = 0; path = AmorPorFilmesSeriesTests.xctest; sourceTree = BUILT_PRODUCTS_DIR; };
		79BB3FBD2DE7D30A00804CB4 /* AmorPorFilmesSeriesUITests.xctest */ = {isa = PBXFileReference; explicitFileType = wrapper.cfbundle; includeInIndex = 0; path = AmorPorFilmesSeriesUITests.xctest; sourceTree = BUILT_PRODUCTS_DIR; };
/* End PBXFileReference section */

/* Begin PBXFileSystemSynchronizedBuildFileExceptionSet section */
		79BB3FC52DE7D30A00804CB4 /* Exceptions for "AmorPorFilmesSeries" folder in "AmorPorFilmesSeries" target */ = {
			isa = PBXFileSystemSynchronizedBuildFileExceptionSet;
			membershipExceptions = (
				Info.plist,
			);
			target = 79BB3F9C2DE7D30800804CB4 /* AmorPorFilmesSeries */;
		};
/* End PBXFileSystemSynchronizedBuildFileExceptionSet section */

/* Begin PBXFileSystemSynchronizedRootGroup section */
		79BB3F9F2DE7D30800804CB4 /* AmorPorFilmesSeries */ = {
			isa = PBXFileSystemSynchronizedRootGroup;
			exceptions = (
				79BB3FC52DE7D30A00804CB4 /* Exceptions for "AmorPorFilmesSeries" folder in "AmorPorFilmesSeries" target */,
			);
			path = AmorPorFilmesSeries;
			sourceTree = "<group>";
		};
		79BB3FB62DE7D30A00804CB4 /* AmorPorFilmesSeriesTests */ = {
			isa = PBXFileSystemSynchronizedRootGroup;
			path = AmorPorFilmesSeriesTests;
			sourceTree = "<group>";
		};
		79BB3FC02DE7D30A00804CB4 /* AmorPorFilmesSeriesUITests */ = {
			isa = PBXFileSystemSynchronizedRootGroup;
			path = AmorPorFilmesSeriesUITests;
			sourceTree = "<group>";
		};
/* End PBXFileSystemSynchronizedRootGroup section */

/* Begin PBXFrameworksBuildPhase section */
		79BB3F9A2DE7D30800804CB4 /* Frameworks */ = {
			isa = PBXFrameworksBuildPhase;
			buildActionMask = 2147483647;
			files = (
				7916277A2F392FA600E67E89 /* FirebaseAI in Frameworks */,
				79BB40772DE818EF00804CB4 /* Kingfisher in Frameworks */,
				7916277C2F392FA600E67E89 /* FirebaseAnalytics in Frameworks */,
				79124AE52DE8218400279174 /* SnapKit in Frameworks */,
				79BB3FD32DE7D40300804CB4 /* ModuloServiceMovie in Frameworks */,
				791627822F392FA600E67E89 /* FirebaseFirestore in Frameworks */,
				7916277E2F392FA600E67E89 /* FirebaseAuth in Frameworks */,
				791627802F392FA600E67E89 /* FirebaseDatabase in Frameworks */,
				791627862F392FA600E67E89 /* FirebaseStorage in Frameworks */,
				79BB3FD62DE7D41E00804CB4 /* ModuloServiceSeries in Frameworks */,
				791627842F392FA600E67E89 /* FirebaseRemoteConfig in Frameworks */,
			);
			runOnlyForDeploymentPostprocessing = 0;
		};
		79BB3FB02DE7D30A00804CB4 /* Frameworks */ = {
			isa = PBXFrameworksBuildPhase;
			buildActionMask = 2147483647;
			files = (
			);
			runOnlyForDeploymentPostprocessing = 0;
		};
		79BB3FBA2DE7D30A00804CB4 /* Frameworks */ = {
			isa = PBXFrameworksBuildPhase;
			buildActionMask = 2147483647;
			files = (
			);
			runOnlyForDeploymentPostprocessing = 0;
		};
/* End PBXFrameworksBuildPhase section */

/* Begin PBXGroup section */
		79124AE32DE8218400279174 /* Frameworks */ = {
			isa = PBXGroup;
			children = (
			);
			name = Frameworks;
			sourceTree = "<group>";
		};
		79BB3F942DE7D30800804CB4 = {
			isa = PBXGroup;
			children = (
				79BB3F9F2DE7D30800804CB4 /* AmorPorFilmesSeries */,
				79BB3FB62DE7D30A00804CB4 /* AmorPorFilmesSeriesTests */,
				79BB3FC02DE7D30A00804CB4 /* AmorPorFilmesSeriesUITests */,
				79124AE32DE8218400279174 /* Frameworks */,
				79BB3F9E2DE7D30800804CB4 /* Products */,
			);
			sourceTree = "<group>";
		};
		79BB3F9E2DE7D30800804CB4 /* Products */ = {
			isa = PBXGroup;
			children = (
				79BB3F9D2DE7D30800804CB4 /* AmorPorFilmesSeries.app */,
				79BB3FB32DE7D30A00804CB4 /* AmorPorFilmesSeriesTests.xctest */,
				79BB3FBD2DE7D30A00804CB4 /* AmorPorFilmesSeriesUITests.xctest */,
			);
			name = Products;
			sourceTree = "<group>";
		};
/* End PBXGroup section */

/* Begin PBXNativeTarget section */
		79BB3F9C2DE7D30800804CB4 /* AmorPorFilmesSeries */ = {
			isa = PBXNativeTarget;
			buildConfigurationList = 79BB3FC62DE7D30A00804CB4 /* Build configuration list for PBXNativeTarget "AmorPorFilmesSeries" */;
			buildPhases = (
				79BB3F992DE7D30800804CB4 /* Sources */,
				79BB3F9A2DE7D30800804CB4 /* Frameworks */,
				79BB3F9B2DE7D30800804CB4 /* Resources */,
				79852EF32DECF6D7000E365C /* Swiftlint */,
			);
			buildRules = (
			);
			dependencies = (
			);
			fileSystemSynchronizedGroups = (
				79BB3F9F2DE7D30800804CB4 /* AmorPorFilmesSeries */,
			);
			name = AmorPorFilmesSeries;
			packageProductDependencies = (
				79BB3FD22DE7D40300804CB4 /* ModuloServiceMovie */,
				79BB3FD52DE7D41E00804CB4 /* ModuloServiceSeries */,
				79BB40762DE818EF00804CB4 /* Kingfisher */,
				79124AE42DE8218400279174 /* SnapKit */,
				791627792F392FA600E67E89 /* FirebaseAI */,
				7916277B2F392FA600E67E89 /* FirebaseAnalytics */,
				7916277D2F392FA600E67E89 /* FirebaseAuth */,
				7916277F2F392FA600E67E89 /* FirebaseDatabase */,
				791627812F392FA600E67E89 /* FirebaseFirestore */,
				791627832F392FA600E67E89 /* FirebaseRemoteConfig */,
				791627852F392FA600E67E89 /* FirebaseStorage */,
			);
			productName = AmorPorFilmesSeries;
			productReference = 79BB3F9D2DE7D30800804CB4 /* AmorPorFilmesSeries.app */;
			productType = "com.apple.product-type.application";
		};
		79BB3FB22DE7D30A00804CB4 /* AmorPorFilmesSeriesTests */ = {
			isa = PBXNativeTarget;
			buildConfigurationList = 79BB3FCB2DE7D30A00804CB4 /* Build configuration list for PBXNativeTarget "AmorPorFilmesSeriesTests" */;
			buildPhases = (
				79BB3FAF2DE7D30A00804CB4 /* Sources */,
				79BB3FB02DE7D30A00804CB4 /* Frameworks */,
				79BB3FB12DE7D30A00804CB4 /* Resources */,
			);
			buildRules = (
			);
			dependencies = (
				79BB3FB52DE7D30A00804CB4 /* PBXTargetDependency */,
			);
			fileSystemSynchronizedGroups = (
				79BB3FB62DE7D30A00804CB4 /* AmorPorFilmesSeriesTests */,
			);
			name = AmorPorFilmesSeriesTests;
			packageProductDependencies = (
			);
			productName = AmorPorFilmesSeriesTests;
			productReference = 79BB3FB32DE7D30A00804CB4 /* AmorPorFilmesSeriesTests.xctest */;
			productType = "com.apple.product-type.bundle.unit-test";
		};
		79BB3FBC2DE7D30A00804CB4 /* AmorPorFilmesSeriesUITests */ = {
			isa = PBXNativeTarget;
			buildConfigurationList = 79BB3FCE2DE7D30A00804CB4 /* Build configuration list for PBXNativeTarget "AmorPorFilmesSeriesUITests" */;
			buildPhases = (
				79BB3FB92DE7D30A00804CB4 /* Sources */,
				79BB3FBA2DE7D30A00804CB4 /* Frameworks */,
				79BB3FBB2DE7D30A00804CB4 /* Resources */,
			);
			buildRules = (
			);
			dependencies = (
				79BB3FBF2DE7D30A00804CB4 /* PBXTargetDependency */,
			);
			fileSystemSynchronizedGroups = (
				79BB3FC02DE7D30A00804CB4 /* AmorPorFilmesSeriesUITests */,
			);
			name = AmorPorFilmesSeriesUITests;
			packageProductDependencies = (
			);
			productName = AmorPorFilmesSeriesUITests;
			productReference = 79BB3FBD2DE7D30A00804CB4 /* AmorPorFilmesSeriesUITests.xctest */;
			productType = "com.apple.product-type.bundle.ui-testing";
		};
/* End PBXNativeTarget section */

/* Begin PBXProject section */
		79BB3F952DE7D30800804CB4 /* Project object */ = {
			isa = PBXProject;
			attributes = {
				BuildIndependentTargetsInParallel = 1;
				LastSwiftUpdateCheck = 1600;
				LastUpgradeCheck = 1600;
				TargetAttributes = {
					79BB3F9C2DE7D30800804CB4 = {
						CreatedOnToolsVersion = 16.0;
					};
					79BB3FB22DE7D30A00804CB4 = {
						CreatedOnToolsVersion = 16.0;
						TestTargetID = 79BB3F9C2DE7D30800804CB4;
					};
					79BB3FBC2DE7D30A00804CB4 = {
						CreatedOnToolsVersion = 16.0;
						TestTargetID = 79BB3F9C2DE7D30800804CB4;
					};
				};
			};
			buildConfigurationList = 79BB3F982DE7D30800804CB4 /* Build configuration list for PBXProject "AmorPorFilmesSeries" */;
			developmentRegion = en;
			hasScannedForEncodings = 0;
			knownRegions = (
				en,
				Base,
			);
			mainGroup = 79BB3F942DE7D30800804CB4;
			minimizedProjectReferenceProxies = 1;
			packageReferences = (
				79BB40752DE818EF00804CB4 /* XCRemoteSwiftPackageReference "Kingfisher" */,
				79BB407D2DE8206700804CB4 /* XCRemoteSwiftPackageReference "SnapKit" */,
				79E0443B2DE8F56E00E1D2F9 /* XCRemoteSwiftPackageReference "ModuloServiceSeries" */,
				79E0443C2DE8F61F00E1D2F9 /* XCRemoteSwiftPackageReference "ModuloServiceMovie" */,
				791627782F392FA600E67E89 /* XCRemoteSwiftPackageReference "firebase-ios-sdk" */,
			);
			preferredProjectObjectVersion = 77;
			productRefGroup = 79BB3F9E2DE7D30800804CB4 /* Products */;
			projectDirPath = "";
			projectRoot = "";
			targets = (
				79BB3F9C2DE7D30800804CB4 /* AmorPorFilmesSeries */,
				79BB3FB22DE7D30A00804CB4 /* AmorPorFilmesSeriesTests */,
				79BB3FBC2DE7D30A00804CB4 /* AmorPorFilmesSeriesUITests */,
			);
		};
/* End PBXProject section */

/* Begin PBXResourcesBuildPhase section */
		79BB3F9B2DE7D30800804CB4 /* Resources */ = {
			isa = PBXResourcesBuildPhase;
			buildActionMask = 2147483647;
			files = (
			);
			runOnlyForDeploymentPostprocessing = 0;
		};
		79BB3FB12DE7D30A00804CB4 /* Resources */ = {
			isa = PBXResourcesBuildPhase;
			buildActionMask = 2147483647;
			files = (
			);
			runOnlyForDeploymentPostprocessing = 0;
		};
		79BB3FBB2DE7D30A00804CB4 /* Resources */ = {
			isa = PBXResourcesBuildPhase;
			buildActionMask = 2147483647;
			files = (
			);
			runOnlyForDeploymentPostprocessing = 0;
		};
/* End PBXResourcesBuildPhase section */

/* Begin PBXShellScriptBuildPhase section */
		79852EF32DECF6D7000E365C /* Swiftlint */ = {
			isa = PBXShellScriptBuildPhase;
			alwaysOutOfDate = 1;
			buildActionMask = 2147483647;
			files = (
			);
			inputFileListPaths = (
			);
			inputPaths = (
			);
			name = Swiftlint;
			outputFileListPaths = (
			);
			outputPaths = (
			);
			runOnlyForDeploymentPostprocessing = 0;
			shellPath = /bin/sh;
			shellScript = "if test -d \"/opt/homebrew/bin/\"; then\n    export PATH=\"/opt/homebrew/bin:${PATH}\"\nelif test -d \"/usr/local/bin/\"; then\n    export PATH=\"/usr/local/bin:${PATH}\"\nfi\n\nif which swiftlint >/dev/null; then\n    swiftlint\nelse\n    echo \"warning: SwiftLint not installed, download from https://github.com/realm/SwiftLint\"\nfi\n";
		};
/* End PBXShellScriptBuildPhase section */

/* Begin PBXSourcesBuildPhase section */
		79BB3F992DE7D30800804CB4 /* Sources */ = {
			isa = PBXSourcesBuildPhase;
			buildActionMask = 2147483647;
			files = (
			);
			runOnlyForDeploymentPostprocessing = 0;
		};
		79BB3FAF2DE7D30A00804CB4 /* Sources */ = {
			isa = PBXSourcesBuildPhase;
			buildActionMask = 2147483647;
			files = (
			);
			runOnlyForDeploymentPostprocessing = 0;
		};
		79BB3FB92DE7D30A00804CB4 /* Sources */ = {
			isa = PBXSourcesBuildPhase;
			buildActionMask = 2147483647;
			files = (
			);
			runOnlyForDeploymentPostprocessing = 0;
		};
/* End PBXSourcesBuildPhase section */

/* Begin PBXTargetDependency section */
		79BB3FB52DE7D30A00804CB4 /* PBXTargetDependency */ = {
			isa = PBXTargetDependency;
			target = 79BB3F9C2DE7D30800804CB4 /* AmorPorFilmesSeries */;
			targetProxy = 79BB3FB42DE7D30A00804CB4 /* PBXContainerItemProxy */;
		};
		79BB3FBF2DE7D30A00804CB4 /* PBXTargetDependency */ = {
			isa = PBXTargetDependency;
			target = 79BB3F9C2DE7D30800804CB4 /* AmorPorFilmesSeries */;
			targetProxy = 79BB3FBE2DE7D30A00804CB4 /* PBXContainerItemProxy */;
		};
/* End PBXTargetDependency section */

/* Begin XCBuildConfiguration section */
		79BB3FC72DE7D30A00804CB4 /* Debug */ = {
			isa = XCBuildConfiguration;
			buildSettings = {
				ASSETCATALOG_COMPILER_APPICON_NAME = AppIcon;
				ASSETCATALOG_COMPILER_GLOBAL_ACCENT_COLOR_NAME = AccentColor;
				CODE_SIGN_STYLE = Automatic;
				CURRENT_PROJECT_VERSION = 1;
				DEVELOPMENT_TEAM = X8H927JWHE;
				GENERATE_INFOPLIST_FILE = YES;
				INFOPLIST_FILE = AmorPorFilmesSeries/Info.plist;
				INFOPLIST_KEY_UIApplicationSupportsIndirectInputEvents = YES;
				INFOPLIST_KEY_UILaunchStoryboardName = LaunchScreen;
				INFOPLIST_KEY_UISupportedInterfaceOrientations_iPad = "UIInterfaceOrientationPortrait UIInterfaceOrientationPortraitUpsideDown UIInterfaceOrientationLandscapeLeft UIInterfaceOrientationLandscapeRight";
				INFOPLIST_KEY_UISupportedInterfaceOrientations_iPhone = "UIInterfaceOrientationPortrait UIInterfaceOrientationLandscapeLeft UIInterfaceOrientationLandscapeRight";
				LD_RUNPATH_SEARCH_PATHS = (
					"$(inherited)",
					"@executable_path/Frameworks",
				);
				MARKETING_VERSION = 1.0;
				PRODUCT_BUNDLE_IDENTIFIER = com.andrehaas.AmorPorFilmesSeries;
				PRODUCT_NAME = "$(TARGET_NAME)";
				SWIFT_EMIT_LOC_STRINGS = YES;
				SWIFT_VERSION = 5.0;
				TARGETED_DEVICE_FAMILY = "1,2";
			};
			name = Debug;
		};
		79BB3FC82DE7D30A00804CB4 /* Release */ = {
			isa = XCBuildConfiguration;
			buildSettings = {
				ASSETCATALOG_COMPILER_APPICON_NAME = AppIcon;
				ASSETCATALOG_COMPILER_GLOBAL_ACCENT_COLOR_NAME = AccentColor;
				CODE_SIGN_STYLE = Automatic;
				CURRENT_PROJECT_VERSION = 1;
				DEVELOPMENT_TEAM = X8H927JWHE;
				GENERATE_INFOPLIST_FILE = YES;
				INFOPLIST_FILE = AmorPorFilmesSeries/Info.plist;
				INFOPLIST_KEY_UIApplicationSupportsIndirectInputEvents = YES;
				INFOPLIST_KEY_UILaunchStoryboardName = LaunchScreen;
				INFOPLIST_KEY_UISupportedInterfaceOrientations_iPad = "UIInterfaceOrientationPortrait UIInterfaceOrientationPortraitUpsideDown UIInterfaceOrientationLandscapeLeft UIInterfaceOrientationLandscapeRight";
				INFOPLIST_KEY_UISupportedInterfaceOrientations_iPhone = "UIInterfaceOrientationPortrait UIInterfaceOrientationLandscapeLeft UIInterfaceOrientationLandscapeRight";
				LD_RUNPATH_SEARCH_PATHS = (
					"$(inherited)",
					"@executable_path/Frameworks",
				);
				MARKETING_VERSION = 1.0;
				PRODUCT_BUNDLE_IDENTIFIER = com.andrehaas.AmorPorFilmesSeries;
				PRODUCT_NAME = "$(TARGET_NAME)";
				SWIFT_EMIT_LOC_STRINGS = YES;
				SWIFT_VERSION = 5.0;
				TARGETED_DEVICE_FAMILY = "1,2";
			};
			name = Release;
		};
		79BB3FC92DE7D30A00804CB4 /* Debug */ = {
			isa = XCBuildConfiguration;
			buildSettings = {
				ALWAYS_SEARCH_USER_PATHS = NO;
				ASSETCATALOG_COMPILER_GENERATE_SWIFT_ASSET_SYMBOL_EXTENSIONS = YES;
				CLANG_ANALYZER_NONNULL = YES;
				CLANG_ANALYZER_NUMBER_OBJECT_CONVERSION = YES_AGGRESSIVE;
				CLANG_CXX_LANGUAGE_STANDARD = "gnu++20";
				CLANG_ENABLE_MODULES = YES;
				CLANG_ENABLE_OBJC_ARC = YES;
				CLANG_ENABLE_OBJC_WEAK = YES;
				CLANG_WARN_BLOCK_CAPTURE_AUTORELEASING = YES;
				CLANG_WARN_BOOL_CONVERSION = YES;
				CLANG_WARN_COMMA = YES;
				CLANG_WARN_CONSTANT_CONVERSION = YES;
				CLANG_WARN_DEPRECATED_OBJC_IMPLEMENTATIONS = YES;
				CLANG_WARN_DIRECT_OBJC_ISA_USAGE = YES_ERROR;
				CLANG_WARN_DOCUMENTATION_COMMENTS = YES;
				CLANG_WARN_EMPTY_BODY = YES;
				CLANG_WARN_ENUM_CONVERSION = YES;
				CLANG_WARN_INFINITE_RECURSION = YES;
				CLANG_WARN_INT_CONVERSION = YES;
				CLANG_WARN_NON_LITERAL_NULL_CONVERSION = YES;
				CLANG_WARN_OBJC_IMPLICIT_RETAIN_SELF = YES;
				CLANG_WARN_OBJC_LITERAL_CONVERSION = YES;
				CLANG_WARN_OBJC_ROOT_CLASS = YES_ERROR;
				CLANG_WARN_QUOTED_INCLUDE_IN_FRAMEWORK_HEADER = YES;
				CLANG_WARN_RANGE_LOOP_ANALYSIS = YES;
				CLANG_WARN_STRICT_PROTOTYPES = YES;
				CLANG_WARN_SUSPICIOUS_MOVE = YES;
				CLANG_WARN_UNGUARDED_AVAILABILITY = YES_AGGRESSIVE;
				CLANG_WARN_UNREACHABLE_CODE = YES;
				CLANG_WARN__DUPLICATE_METHOD_MATCH = YES;
				COPY_PHASE_STRIP = NO;
				DEBUG_INFORMATION_FORMAT = dwarf;
				DEVELOPMENT_TEAM = X8H927JWHE;
				ENABLE_STRICT_OBJC_MSGSEND = YES;
				ENABLE_TESTABILITY = YES;
				ENABLE_USER_SCRIPT_SANDBOXING = NO;
				GCC_C_LANGUAGE_STANDARD = gnu17;
				GCC_DYNAMIC_NO_PIC = NO;
				GCC_NO_COMMON_BLOCKS = YES;
				GCC_OPTIMIZATION_LEVEL = 0;
				GCC_PREPROCESSOR_DEFINITIONS = (
					"DEBUG=1",
					"$(inherited)",
				);
				GCC_WARN_64_TO_32_BIT_CONVERSION = YES;
				GCC_WARN_ABOUT_RETURN_TYPE = YES_ERROR;
				GCC_WARN_UNDECLARED_SELECTOR = YES;
				GCC_WARN_UNINITIALIZED_AUTOS = YES_AGGRESSIVE;
				GCC_WARN_UNUSED_FUNCTION = YES;
				GCC_WARN_UNUSED_VARIABLE = YES;
				IPHONEOS_DEPLOYMENT_TARGET = 17.0;
				LOCALIZATION_PREFERS_STRING_CATALOGS = YES;
				MTL_ENABLE_DEBUG_INFO = INCLUDE_SOURCE;
				MTL_FAST_MATH = YES;
				ONLY_ACTIVE_ARCH = YES;
				SDKROOT = iphoneos;
				SWIFT_ACTIVE_COMPILATION_CONDITIONS = "DEBUG $(inherited)";
				SWIFT_OPTIMIZATION_LEVEL = "-Onone";
			};
			name = Debug;
		};
		79BB3FCA2DE7D30A00804CB4 /* Release */ = {
			isa = XCBuildConfiguration;
			buildSettings = {
				ALWAYS_SEARCH_USER_PATHS = NO;
				ASSETCATALOG_COMPILER_GENERATE_SWIFT_ASSET_SYMBOL_EXTENSIONS = YES;
				CLANG_ANALYZER_NONNULL = YES;
				CLANG_ANALYZER_NUMBER_OBJECT_CONVERSION = YES_AGGRESSIVE;
				CLANG_CXX_LANGUAGE_STANDARD = "gnu++20";
				CLANG_ENABLE_MODULES = YES;
				CLANG_ENABLE_OBJC_ARC = YES;
				CLANG_ENABLE_OBJC_WEAK = YES;
				CLANG_WARN_BLOCK_CAPTURE_AUTORELEASING = YES;
				CLANG_WARN_BOOL_CONVERSION = YES;
				CLANG_WARN_COMMA = YES;
				CLANG_WARN_CONSTANT_CONVERSION = YES;
				CLANG_WARN_DEPRECATED_OBJC_IMPLEMENTATIONS = YES;
				CLANG_WARN_DIRECT_OBJC_ISA_USAGE = YES_ERROR;
				CLANG_WARN_DOCUMENTATION_COMMENTS = YES;
				CLANG_WARN_EMPTY_BODY = YES;
				CLANG_WARN_ENUM_CONVERSION = YES;
				CLANG_WARN_INFINITE_RECURSION = YES;
				CLANG_WARN_INT_CONVERSION = YES;
				CLANG_WARN_NON_LITERAL_NULL_CONVERSION = YES;
				CLANG_WARN_OBJC_IMPLICIT_RETAIN_SELF = YES;
				CLANG_WARN_OBJC_LITERAL_CONVERSION = YES;
				CLANG_WARN_OBJC_ROOT_CLASS = YES_ERROR;
				CLANG_WARN_QUOTED_INCLUDE_IN_FRAMEWORK_HEADER = YES;
				CLANG_WARN_RANGE_LOOP_ANALYSIS = YES;
				CLANG_WARN_STRICT_PROTOTYPES = YES;
				CLANG_WARN_SUSPICIOUS_MOVE = YES;
				CLANG_WARN_UNGUARDED_AVAILABILITY = YES_AGGRESSIVE;
				CLANG_WARN_UNREACHABLE_CODE = YES;
				CLANG_WARN__DUPLICATE_METHOD_MATCH = YES;
				COPY_PHASE_STRIP = NO;
				DEBUG_INFORMATION_FORMAT = "dwarf-with-dsym";
				DEVELOPMENT_TEAM = X8H927JWHE;
				ENABLE_NS_ASSERTIONS = NO;
				ENABLE_STRICT_OBJC_MSGSEND = YES;
				ENABLE_USER_SCRIPT_SANDBOXING = NO;
				GCC_C_LANGUAGE_STANDARD = gnu17;
				GCC_NO_COMMON_BLOCKS = YES;
				GCC_WARN_64_TO_32_BIT_CONVERSION = YES;
				GCC_WARN_ABOUT_RETURN_TYPE = YES_ERROR;
				GCC_WARN_UNDECLARED_SELECTOR = YES;
				GCC_WARN_UNINITIALIZED_AUTOS = YES_AGGRESSIVE;
				GCC_WARN_UNUSED_FUNCTION = YES;
				GCC_WARN_UNUSED_VARIABLE = YES;
				IPHONEOS_DEPLOYMENT_TARGET = 18.4;
				LOCALIZATION_PREFERS_STRING_CATALOGS = YES;
				MTL_ENABLE_DEBUG_INFO = NO;
				MTL_FAST_MATH = YES;
				SDKROOT = iphoneos;
				SWIFT_COMPILATION_MODE = wholemodule;
				VALIDATE_PRODUCT = YES;
			};
			name = Release;
		};
		79BB3FCC2DE7D30A00804CB4 /* Debug */ = {
			isa = XCBuildConfiguration;
			buildSettings = {
				BUNDLE_LOADER = "$(TEST_HOST)";
				CODE_SIGN_STYLE = Automatic;
				CURRENT_PROJECT_VERSION = 1;
				DEVELOPMENT_TEAM = X8H927JWHE;
				GENERATE_INFOPLIST_FILE = YES;
				IPHONEOS_DEPLOYMENT_TARGET = 18.4;
				MARKETING_VERSION = 1.0;
				PRODUCT_BUNDLE_IDENTIFIER = com.andrehaas.AmorPorFilmesSeriesTests;
				PRODUCT_NAME = "$(TARGET_NAME)";
				SWIFT_EMIT_LOC_STRINGS = NO;
				SWIFT_VERSION = 5.0;
				TARGETED_DEVICE_FAMILY = "1,2";
				TEST_HOST = "$(BUILT_PRODUCTS_DIR)/AmorPorFilmesSeries.app/$(BUNDLE_EXECUTABLE_FOLDER_PATH)/AmorPorFilmesSeries";
			};
			name = Debug;
		};
		79BB3FCD2DE7D30A00804CB4 /* Release */ = {
			isa = XCBuildConfiguration;
			buildSettings = {
				BUNDLE_LOADER = "$(TEST_HOST)";
				CODE_SIGN_STYLE = Automatic;
				CURRENT_PROJECT_VERSION = 1;
				DEVELOPMENT_TEAM = X8H927JWHE;
				GENERATE_INFOPLIST_FILE = YES;
				IPHONEOS_DEPLOYMENT_TARGET = 18.4;
				MARKETING_VERSION = 1.0;
				PRODUCT_BUNDLE_IDENTIFIER = com.andrehaas.AmorPorFilmesSeriesTests;
				PRODUCT_NAME = "$(TARGET_NAME)";
				SWIFT_EMIT_LOC_STRINGS = NO;
				SWIFT_VERSION = 5.0;
				TARGETED_DEVICE_FAMILY = "1,2";
				TEST_HOST = "$(BUILT_PRODUCTS_DIR)/AmorPorFilmesSeries.app/$(BUNDLE_EXECUTABLE_FOLDER_PATH)/AmorPorFilmesSeries";
			};
			name = Release;
		};
		79BB3FCF2DE7D30A00804CB4 /* Debug */ = {
			isa = XCBuildConfiguration;
			buildSettings = {
				CODE_SIGN_STYLE = Automatic;
				CURRENT_PROJECT_VERSION = 1;
				DEVELOPMENT_TEAM = X8H927JWHE;
				GENERATE_INFOPLIST_FILE = YES;
				MARKETING_VERSION = 1.0;
				PRODUCT_BUNDLE_IDENTIFIER = com.andrehaas.AmorPorFilmesSeriesUITests;
				PRODUCT_NAME = "$(TARGET_NAME)";
				SWIFT_EMIT_LOC_STRINGS = NO;
				SWIFT_VERSION = 5.0;
				TARGETED_DEVICE_FAMILY = "1,2";
				TEST_TARGET_NAME = AmorPorFilmesSeries;
			};
			name = Debug;
		};
		79BB3FD02DE7D30A00804CB4 /* Release */ = {
			isa = XCBuildConfiguration;
			buildSettings = {
				CODE_SIGN_STYLE = Automatic;
				CURRENT_PROJECT_VERSION = 1;
				DEVELOPMENT_TEAM = X8H927JWHE;
				GENERATE_INFOPLIST_FILE = YES;
				MARKETING_VERSION = 1.0;
				PRODUCT_BUNDLE_IDENTIFIER = com.andrehaas.AmorPorFilmesSeriesUITests;
				PRODUCT_NAME = "$(TARGET_NAME)";
				SWIFT_EMIT_LOC_STRINGS = NO;
				SWIFT_VERSION = 5.0;
				TARGETED_DEVICE_FAMILY = "1,2";
				TEST_TARGET_NAME = AmorPorFilmesSeries;
			};
			name = Release;
		};
/* End XCBuildConfiguration section */

/* Begin XCConfigurationList section */
		79BB3F982DE7D30800804CB4 /* Build configuration list for PBXProject "AmorPorFilmesSeries" */ = {
			isa = XCConfigurationList;
			buildConfigurations = (
				79BB3FC92DE7D30A00804CB4 /* Debug */,
				79BB3FCA2DE7D30A00804CB4 /* Release */,
			);
			defaultConfigurationIsVisible = 0;
			defaultConfigurationName = Release;
		};
		79BB3FC62DE7D30A00804CB4 /* Build configuration list for PBXNativeTarget "AmorPorFilmesSeries" */ = {
			isa = XCConfigurationList;
			buildConfigurations = (
				79BB3FC72DE7D30A00804CB4 /* Debug */,
				79BB3FC82DE7D30A00804CB4 /* Release */,
			);
			defaultConfigurationIsVisible = 0;
			defaultConfigurationName = Release;
		};
		79BB3FCB2DE7D30A00804CB4 /* Build configuration list for PBXNativeTarget "AmorPorFilmesSeriesTests" */ = {
			isa = XCConfigurationList;
			buildConfigurations = (
				79BB3FCC2DE7D30A00804CB4 /* Debug */,
				79BB3FCD2DE7D30A00804CB4 /* Release */,
			);
			defaultConfigurationIsVisible = 0;
			defaultConfigurationName = Release;
		};
		79BB3FCE2DE7D30A00804CB4 /* Build configuration list for PBXNativeTarget "AmorPorFilmesSeriesUITests" */ = {
			isa = XCConfigurationList;
			buildConfigurations = (
				79BB3FCF2DE7D30A00804CB4 /* Debug */,
				79BB3FD02DE7D30A00804CB4 /* Release */,
			);
			defaultConfigurationIsVisible = 0;
			defaultConfigurationName = Release;
		};
/* End XCConfigurationList section */

/* Begin XCRemoteSwiftPackageReference section */
		791627782F392FA600E67E89 /* XCRemoteSwiftPackageReference "firebase-ios-sdk" */ = {
			isa = XCRemoteSwiftPackageReference;
			repositoryURL = "https://github.com/firebase/firebase-ios-sdk";
			requirement = {
				kind = upToNextMajorVersion;
				minimumVersion = 12.9.0;
			};
		};
		79BB40752DE818EF00804CB4 /* XCRemoteSwiftPackageReference "Kingfisher" */ = {
			isa = XCRemoteSwiftPackageReference;
			repositoryURL = "https://github.com/onevcat/Kingfisher.git";
			requirement = {
				kind = upToNextMajorVersion;
				minimumVersion = 8.3.2;
			};
		};
		79BB407D2DE8206700804CB4 /* XCRemoteSwiftPackageReference "SnapKit" */ = {
			isa = XCRemoteSwiftPackageReference;
			repositoryURL = "https://github.com/SnapKit/SnapKit.git";
			requirement = {
				kind = upToNextMajorVersion;
				minimumVersion = 5.0.0;
			};
		};
		79E0443B2DE8F56E00E1D2F9 /* XCRemoteSwiftPackageReference "ModuloServiceSeries" */ = {
			isa = XCRemoteSwiftPackageReference;
			repositoryURL = "https://github.com/andrehaas2005/ModuloServiceSeries.git";
			requirement = {
				branch = main;
				kind = branch;
			};
		};
		79E0443C2DE8F61F00E1D2F9 /* XCRemoteSwiftPackageReference "ModuloServiceMovie" */ = {
			isa = XCRemoteSwiftPackageReference;
			repositoryURL = "https://github.com/andrehaas2005/ModuloServiceMovie.git";
			requirement = {
				kind = upToNextMajorVersion;
				minimumVersion = 2.0.0;
			};
		};
/* End XCRemoteSwiftPackageReference section */

/* Begin XCSwiftPackageProductDependency section */
		79124AE42DE8218400279174 /* SnapKit */ = {
			isa = XCSwiftPackageProductDependency;
			package = 79BB407D2DE8206700804CB4 /* XCRemoteSwiftPackageReference "SnapKit" */;
			productName = SnapKit;
		};
		791627792F392FA600E67E89 /* FirebaseAI */ = {
			isa = XCSwiftPackageProductDependency;
			package = 791627782F392FA600E67E89 /* XCRemoteSwiftPackageReference "firebase-ios-sdk" */;
			productName = FirebaseAI;
		};
		7916277B2F392FA600E67E89 /* FirebaseAnalytics */ = {
			isa = XCSwiftPackageProductDependency;
			package = 791627782F392FA600E67E89 /* XCRemoteSwiftPackageReference "firebase-ios-sdk" */;
			productName = FirebaseAnalytics;
		};
		7916277D2F392FA600E67E89 /* FirebaseAuth */ = {
			isa = XCSwiftPackageProductDependency;
			package = 791627782F392FA600E67E89 /* XCRemoteSwiftPackageReference "firebase-ios-sdk" */;
			productName = FirebaseAuth;
		};
		7916277F2F392FA600E67E89 /* FirebaseDatabase */ = {
			isa = XCSwiftPackageProductDependency;
			package = 791627782F392FA600E67E89 /* XCRemoteSwiftPackageReference "firebase-ios-sdk" */;
			productName = FirebaseDatabase;
		};
		791627812F392FA600E67E89 /* FirebaseFirestore */ = {
			isa = XCSwiftPackageProductDependency;
			package = 791627782F392FA600E67E89 /* XCRemoteSwiftPackageReference "firebase-ios-sdk" */;
			productName = FirebaseFirestore;
		};
		791627832F392FA600E67E89 /* FirebaseRemoteConfig */ = {
			isa = XCSwiftPackageProductDependency;
			package = 791627782F392FA600E67E89 /* XCRemoteSwiftPackageReference "firebase-ios-sdk" */;
			productName = FirebaseRemoteConfig;
		};
		791627852F392FA600E67E89 /* FirebaseStorage */ = {
			isa = XCSwiftPackageProductDependency;
			package = 791627782F392FA600E67E89 /* XCRemoteSwiftPackageReference "firebase-ios-sdk" */;
			productName = FirebaseStorage;
		};
		79BB3FD22DE7D40300804CB4 /* ModuloServiceMovie */ = {
			isa = XCSwiftPackageProductDependency;
			productName = ModuloServiceMovie;
		};
		79BB3FD52DE7D41E00804CB4 /* ModuloServiceSeries */ = {
			isa = XCSwiftPackageProductDependency;
			productName = ModuloServiceSeries;
		};
		79BB40762DE818EF00804CB4 /* Kingfisher */ = {
			isa = XCSwiftPackageProductDependency;
			package = 79BB40752DE818EF00804CB4 /* XCRemoteSwiftPackageReference "Kingfisher" */;
			productName = Kingfisher;
		};
/* End XCSwiftPackageProductDependency section */
	};
	rootObject = 79BB3F952DE7D30800804CB4 /* Project object */;
}
