{
  "originHash" : "f1969d64debd4c719b6efcff473511a87d4968f660b4be7075c1561d65b4f94f",
  "pins" : [
    {
      "identity" : "kingfisher",
      "kind" : "remoteSourceControl",
      "location" : "https://github.com/onevcat/Kingfisher.git",
      "state" : {
        "revision" : "7deda23bbdca612076c5c315003d8638a08ed0f1",
        "version" : "8.3.2"
      }
    },
    {
      "identity" : "moduloservicemovie",
      "kind" : "remoteSourceControl",
      "location" : "https://github.com/andrehaas2005/ModuloServiceMovie.git",
      "state" : {
        "revision" : "ae86df02ea2723c41c63b0309d8ac3d101265fda",
        "version" : "2.0.1"
      }
    },
    {
      "identity" : "moduloserviceseries",
      "kind" : "remoteSourceControl",
      "location" : "https://github.com/andrehaas2005/ModuloServiceSeries.git",
      "state" : {
        "revision" : "798d088334768e6f20338b8d5231f5f52381870b",
        "version" : "2.0.0"
      }
    },
    {
      "identity" : "snapkit",
      "kind" : "remoteSourceControl",
      "location" : "https://github.com/SnapKit/SnapKit.git",
      "state" : {
        "revision" : "2842e6e84e82eb9a8dac0100ca90d9444b0307f4",
        "version" : "5.7.1"
      }
    }
  ],
  "version" : 3
}
